
Microsoft Visual Studio Solution File, Format Version 12.00
# Visual Studio Version 17
VisualStudioVersion = 17.14.37216.2 d17.14
MinimumVisualStudioVersion = 10.0.40219.1
Project("{FAE04EC0-301F-11D3-BF4B-00C04F79EFBC}") = "eMusicApp", "eMusicApp.csproj", "{55E20C01-6194-39BA-621C-DD69FDBB8DB3}"
EndProject
Global
	GlobalSection(SolutionConfigurationPlatforms) = preSolution
		Debug|Any CPU = Debug|Any CPU
		Release|Any CPU = Release|Any CPU
	EndGlobalSection
	GlobalSection(ProjectConfigurationPlatforms) = postSolution
		{55E20C01-6194-39BA-621C-DD69FDBB8DB3}.Debug|Any CPU.ActiveCfg = Debug|Any CPU
		{55E20C01-6194-39BA-621C-DD69FDBB8DB3}.Debug|Any CPU.Build.0 = Debug|Any CPU
		{55E20C01-6194-39BA-621C-DD69FDBB8DB3}.Debug|Any CPU.Deploy.0 = Debug|Any CPU
		{55E20C01-6194-39BA-621C-DD69FDBB8DB3}.Release|Any CPU.ActiveCfg = Release|Any CPU
		{55E20C01-6194-39BA-621C-DD69FDBB8DB3}.Release|Any CPU.Build.0 = Release|Any CPU
	EndGlobalSection
	GlobalSection(SolutionProperties) = preSolution
		HideSolutionNode = FALSE
	EndGlobalSection
	GlobalSection(ExtensibilityGlobals) = postSolution
		SolutionGuid = {7668D095-9C13-4AE5-9B5E-27CB72B93AC0}
	EndGlobalSection
EndGlobal
